
Microsoft Visual Studio Solution File, Format Version 12.00
# Visual Studio Version 17
VisualStudioVersion = 17.1.32407.343
MinimumVisualStudioVersion = 10.0.40219.1
Project("{2150E333-8FDC-42A3-9474-1A3956D46DE8}") = "AdoNet&Dapper", "AdoNet&Dapper", "{40B018CF-6713-4105-9361-8B70C1414343}"
EndProject
Project("{2150E333-8FDC-42A3-9474-1A3956D46DE8}") = "EntityFramework", "EntityFramework", "{6F3938C2-E881-424B-96C6-8130287FE0FF}"
EndProject
Project("{2150E333-8FDC-42A3-9474-1A3956D46DE8}") = "WPF", "WPF", "{4197F527-55E6-42E7-BDEA-DC67C1362789}"
EndProject
Project("{2150E333-8FDC-42A3-9474-1A3956D46DE8}") = "Identity", "Identity", "{46EC6BF9-F5CE-450D-978D-E7CC450E93A5}"
EndProject
Project("{2150E333-8FDC-42A3-9474-1A3956D46DE8}") = "Blazor", "Blazor", "{846668B4-5753-4CC0-A871-EE26CCE9C2B7}"
EndProject
Project("{2150E333-8FDC-42A3-9474-1A3956D46DE8}") = "CleanArchitecture", "CleanArchitecture", "{1EBA1629-A7A2-410E-9EC7-CFB6B6840A6D}"
EndProject
Project("{9A19103F-16F7-4668-BE54-9A1E7A4F7556}") = "MyBookListBLL", "AdoNet&Dapper\MyBookListBLL\MyBookListBLL.csproj", "{3D6066B3-FBC7-42E3-86FF-044E70BBD0FA}"
EndProject
Project("{9A19103F-16F7-4668-BE54-9A1E7A4F7556}") = "MyBookList.Console", "AdoNet&Dapper\MyEvents.Console\MyBookList.Console.csproj", "{CE5F75E9-6F02-4A08-8869-156357A05340}"
EndProject
Project("{9A19103F-16F7-4668-BE54-9A1E7A4F7556}") = "MyBookListAdoNetDb", "AdoNet&Dapper\MyEventsAdoNetDb\MyBookListAdoNetDb.csproj", "{F568D2C8-567D-48D3-B86C-35504CFECCF4}"
EndProject
Project("{9A19103F-16F7-4668-BE54-9A1E7A4F7556}") = "MyBookListWebApi", "AdoNet&Dapper\MyEventsWebApi\MyBookListWebApi.csproj", "{4CCBCAB5-894C-4112-AA6B-FD2C73CA669C}"
EndProject
Project("{9A19103F-16F7-4668-BE54-9A1E7A4F7556}") = "BlazorServerApp", "Blazor\BlazorServerApp\BlazorServerApp.csproj", "{D576F9CE-5AB2-4DCB-A630-BF7425568AF7}"
EndProject
Project("{9A19103F-16F7-4668-BE54-9A1E7A4F7556}") = "CuriousDriveRazorLibrary", "Blazor\CuriousDriveRazorLibrary\CuriousDriveRazorLibrary\CuriousDriveRazorLibrary.csproj", "{89E07CC3-62FA-4D0E-B542-950E0C4C0449}"
EndProject
Project("{9A19103F-16F7-4668-BE54-9A1E7A4F7556}") = "Application", "CleanArchitecture\Application\Application.csproj", "{507AC608-C3C2-44B1-87CE-13197EC4F576}"
EndProject
Project("{9A19103F-16F7-4668-BE54-9A1E7A4F7556}") = "Domain", "CleanArchitecture\Domain\Domain.csproj", "{C702656B-8CAA-4855-9EAC-8DF63E630BE2}"
EndProject
Project("{9A19103F-16F7-4668-BE54-9A1E7A4F7556}") = "Infrastructure", "CleanArchitecture\Infrastructure\Infrastructure.csproj", "{E8E2D298-EA51-4CB5-87BD-CB943148AA83}"
EndProject
Project("{9A19103F-16F7-4668-BE54-9A1E7A4F7556}") = "WebUI", "CleanArchitecture\WebUI\WebUI.csproj", "{042E8790-C94E-4585-9D96-FF883B16A0B1}"
EndProject
Project("{9A19103F-16F7-4668-BE54-9A1E7A4F7556}") = "MyBookListEntityFrameworkDAL", "EntityFramework\MyBookListEntityFrameforkDAL\MyBookListEntityFrameworkDAL.csproj", "{A328140A-A14B-4375-A221-3F1A1D4B7F4F}"
EndProject
Project("{9A19103F-16F7-4668-BE54-9A1E7A4F7556}") = "MyBookListEntityFrameworkBLL", "EntityFramework\MyBookListEntityFrameworkBLL\MyBookListEntityFrameworkBLL.csproj", "{10C2ABE4-3A13-4828-87B3-5BD50EB919F6}"
EndProject
Project("{9A19103F-16F7-4668-BE54-9A1E7A4F7556}") = "MyBookListEntityFrameworkWebAPI", "EntityFramework\MyBookListEntityFrameworkWebAPI\MyBookListEntityFrameworkWebAPI.csproj", "{969F177E-874E-4683-AC29-5E8053635C77}"
EndProject
Project("{9A19103F-16F7-4668-BE54-9A1E7A4F7556}") = "BookStoresWebAPI", "Identity\BookStoresWebAPI\BookStoresWebAPI\BookStoresWebAPI.csproj", "{36C9A173-ABAC-4A56-B718-4A7F27D6F9B7}"
EndProject
Project("{9A19103F-16F7-4668-BE54-9A1E7A4F7556}") = "JWTAuthentication.WebApi", "Identity\JWTAuthentication.WebApi\JWTAuthentication.WebApi.csproj", "{4C9F6246-266C-4102-AC84-731B44B97865}"
EndProject
Project("{FAE04EC0-301F-11D3-BF4B-00C04F79EFBC}") = "MainPage", "WPF\MainPage\MainPage.csproj", "{CCD4BDDE-6834-4A22-9DBE-672D4EAE83B7}"
EndProject
Project("{9A19103F-16F7-4668-BE54-9A1E7A4F7556}") = "Persistence", "CleanArchitecture\Persistence\Persistence.csproj", "{6E210DAD-1E8B-4DC5-84DE-DAB7DF0C53D3}"
EndProject
Global
	GlobalSection(SolutionConfigurationPlatforms) = preSolution
		Debug|Any CPU = Debug|Any CPU
		Release|Any CPU = Release|Any CPU
	EndGlobalSection
	GlobalSection(ProjectConfigurationPlatforms) = postSolution
		{3D6066B3-FBC7-42E3-86FF-044E70BBD0FA}.Debug|Any CPU.ActiveCfg = Debug|Any CPU
		{3D6066B3-FBC7-42E3-86FF-044E70BBD0FA}.Debug|Any CPU.Build.0 = Debug|Any CPU
		{3D6066B3-FBC7-42E3-86FF-044E70BBD0FA}.Release|Any CPU.ActiveCfg = Release|Any CPU
		{3D6066B3-FBC7-42E3-86FF-044E70BBD0FA}.Release|Any CPU.Build.0 = Release|Any CPU
		{CE5F75E9-6F02-4A08-8869-156357A05340}.Debug|Any CPU.ActiveCfg = Debug|Any CPU
		{CE5F75E9-6F02-4A08-8869-156357A05340}.Debug|Any CPU.Build.0 = Debug|Any CPU
		{CE5F75E9-6F02-4A08-8869-156357A05340}.Release|Any CPU.ActiveCfg = Release|Any CPU
		{CE5F75E9-6F02-4A08-8869-156357A05340}.Release|Any CPU.Build.0 = Release|Any CPU
		{F568D2C8-567D-48D3-B86C-35504CFECCF4}.Debug|Any CPU.ActiveCfg = Debug|Any CPU
		{F568D2C8-567D-48D3-B86C-35504CFECCF4}.Debug|Any CPU.Build.0 = Debug|Any CPU
		{F568D2C8-567D-48D3-B86C-35504CFECCF4}.Release|Any CPU.ActiveCfg = Release|Any CPU
		{F568D2C8-567D-48D3-B86C-35504CFECCF4}.Release|Any CPU.Build.0 = Release|Any CPU
		{4CCBCAB5-894C-4112-AA6B-FD2C73CA669C}.Debug|Any CPU.ActiveCfg = Debug|Any CPU
		{4CCBCAB5-894C-4112-AA6B-FD2C73CA669C}.Debug|Any CPU.Build.0 = Debug|Any CPU
		{4CCBCAB5-894C-4112-AA6B-FD2C73CA669C}.Release|Any CPU.ActiveCfg = Release|Any CPU
		{4CCBCAB5-894C-4112-AA6B-FD2C73CA669C}.Release|Any CPU.Build.0 = Release|Any CPU
		{D576F9CE-5AB2-4DCB-A630-BF7425568AF7}.Debug|Any CPU.ActiveCfg = Debug|Any CPU
		{D576F9CE-5AB2-4DCB-A630-BF7425568AF7}.Debug|Any CPU.Build.0 = Debug|Any CPU
		{D576F9CE-5AB2-4DCB-A630-BF7425568AF7}.Release|Any CPU.ActiveCfg = Release|Any CPU
		{D576F9CE-5AB2-4DCB-A630-BF7425568AF7}.Release|Any CPU.Build.0 = Release|Any CPU
		{89E07CC3-62FA-4D0E-B542-950E0C4C0449}.Debug|Any CPU.ActiveCfg = Debug|Any CPU
		{89E07CC3-62FA-4D0E-B542-950E0C4C0449}.Debug|Any CPU.Build.0 = Debug|Any CPU
		{89E07CC3-62FA-4D0E-B542-950E0C4C0449}.Release|Any CPU.ActiveCfg = Release|Any CPU
		{89E07CC3-62FA-4D0E-B542-950E0C4C0449}.Release|Any CPU.Build.0 = Release|Any CPU
		{507AC608-C3C2-44B1-87CE-13197EC4F576}.Debug|Any CPU.ActiveCfg = Debug|Any CPU
		{507AC608-C3C2-44B1-87CE-13197EC4F576}.Debug|Any CPU.Build.0 = Debug|Any CPU
		{507AC608-C3C2-44B1-87CE-13197EC4F576}.Release|Any CPU.ActiveCfg = Release|Any CPU
		{507AC608-C3C2-44B1-87CE-13197EC4F576}.Release|Any CPU.Build.0 = Release|Any CPU
		{C702656B-8CAA-4855-9EAC-8DF63E630BE2}.Debug|Any CPU.ActiveCfg = Debug|Any CPU
		{C702656B-8CAA-4855-9EAC-8DF63E630BE2}.Debug|Any CPU.Build.0 = Debug|Any CPU
		{C702656B-8CAA-4855-9EAC-8DF63E630BE2}.Release|Any CPU.ActiveCfg = Release|Any CPU
		{C702656B-8CAA-4855-9EAC-8DF63E630BE2}.Release|Any CPU.Build.0 = Release|Any CPU
		{E8E2D298-EA51-4CB5-87BD-CB943148AA83}.Debug|Any CPU.ActiveCfg = Debug|Any CPU
		{E8E2D298-EA51-4CB5-87BD-CB943148AA83}.Debug|Any CPU.Build.0 = Debug|Any CPU
		{E8E2D298-EA51-4CB5-87BD-CB943148AA83}.Release|Any CPU.ActiveCfg = Release|Any CPU
		{E8E2D298-EA51-4CB5-87BD-CB943148AA83}.Release|Any CPU.Build.0 = Release|Any CPU
		{042E8790-C94E-4585-9D96-FF883B16A0B1}.Debug|Any CPU.ActiveCfg = Debug|Any CPU
		{042E8790-C94E-4585-9D96-FF883B16A0B1}.Debug|Any CPU.Build.0 = Debug|Any CPU
		{042E8790-C94E-4585-9D96-FF883B16A0B1}.Release|Any CPU.ActiveCfg = Release|Any CPU
		{042E8790-C94E-4585-9D96-FF883B16A0B1}.Release|Any CPU.Build.0 = Release|Any CPU
		{A328140A-A14B-4375-A221-3F1A1D4B7F4F}.Debug|Any CPU.ActiveCfg = Debug|Any CPU
		{A328140A-A14B-4375-A221-3F1A1D4B7F4F}.Debug|Any CPU.Build.0 = Debug|Any CPU
		{A328140A-A14B-4375-A221-3F1A1D4B7F4F}.Release|Any CPU.ActiveCfg = Release|Any CPU
		{A328140A-A14B-4375-A221-3F1A1D4B7F4F}.Release|Any CPU.Build.0 = Release|Any CPU
		{10C2ABE4-3A13-4828-87B3-5BD50EB919F6}.Debug|Any CPU.ActiveCfg = Debug|Any CPU
		{10C2ABE4-3A13-4828-87B3-5BD50EB919F6}.Debug|Any CPU.Build.0 = Debug|Any CPU
		{10C2ABE4-3A13-4828-87B3-5BD50EB919F6}.Release|Any CPU.ActiveCfg = Release|Any CPU
		{10C2ABE4-3A13-4828-87B3-5BD50EB919F6}.Release|Any CPU.Build.0 = Release|Any CPU
		{969F177E-874E-4683-AC29-5E8053635C77}.Debug|Any CPU.ActiveCfg = Debug|Any CPU
		{969F177E-874E-4683-AC29-5E8053635C77}.Debug|Any CPU.Build.0 = Debug|Any CPU
		{969F177E-874E-4683-AC29-5E8053635C77}.Release|Any CPU.ActiveCfg = Release|Any CPU
		{969F177E-874E-4683-AC29-5E8053635C77}.Release|Any CPU.Build.0 = Release|Any CPU
		{36C9A173-ABAC-4A56-B718-4A7F27D6F9B7}.Debug|Any CPU.ActiveCfg = Debug|Any CPU
		{36C9A173-ABAC-4A56-B718-4A7F27D6F9B7}.Debug|Any CPU.Build.0 = Debug|Any CPU
		{36C9A173-ABAC-4A56-B718-4A7F27D6F9B7}.Release|Any CPU.ActiveCfg = Release|Any CPU
		{36C9A173-ABAC-4A56-B718-4A7F27D6F9B7}.Release|Any CPU.Build.0 = Release|Any CPU
		{4C9F6246-266C-4102-AC84-731B44B97865}.Debug|Any CPU.ActiveCfg = Debug|Any CPU
		{4C9F6246-266C-4102-AC84-731B44B97865}.Debug|Any CPU.Build.0 = Debug|Any CPU
		{4C9F6246-266C-4102-AC84-731B44B97865}.Release|Any CPU.ActiveCfg = Release|Any CPU
		{4C9F6246-266C-4102-AC84-731B44B97865}.Release|Any CPU.Build.0 = Release|Any CPU
		{CCD4BDDE-6834-4A22-9DBE-672D4EAE83B7}.Debug|Any CPU.ActiveCfg = Debug|Any CPU
		{CCD4BDDE-6834-4A22-9DBE-672D4EAE83B7}.Debug|Any CPU.Build.0 = Debug|Any CPU
		{CCD4BDDE-6834-4A22-9DBE-672D4EAE83B7}.Release|Any CPU.ActiveCfg = Release|Any CPU
		{CCD4BDDE-6834-4A22-9DBE-672D4EAE83B7}.Release|Any CPU.Build.0 = Release|Any CPU
		{6E210DAD-1E8B-4DC5-84DE-DAB7DF0C53D3}.Debug|Any CPU.ActiveCfg = Debug|Any CPU
		{6E210DAD-1E8B-4DC5-84DE-DAB7DF0C53D3}.Debug|Any CPU.Build.0 = Debug|Any CPU
		{6E210DAD-1E8B-4DC5-84DE-DAB7DF0C53D3}.Release|Any CPU.ActiveCfg = Release|Any CPU
		{6E210DAD-1E8B-4DC5-84DE-DAB7DF0C53D3}.Release|Any CPU.Build.0 = Release|Any CPU
	EndGlobalSection
	GlobalSection(SolutionProperties) = preSolution
		HideSolutionNode = FALSE
	EndGlobalSection
	GlobalSection(NestedProjects) = preSolution
		{3D6066B3-FBC7-42E3-86FF-044E70BBD0FA} = {40B018CF-6713-4105-9361-8B70C1414343}
		{CE5F75E9-6F02-4A08-8869-156357A05340} = {40B018CF-6713-4105-9361-8B70C1414343}
		{F568D2C8-567D-48D3-B86C-35504CFECCF4} = {40B018CF-6713-4105-9361-8B70C1414343}
		{4CCBCAB5-894C-4112-AA6B-FD2C73CA669C} = {40B018CF-6713-4105-9361-8B70C1414343}
		{D576F9CE-5AB2-4DCB-A630-BF7425568AF7} = {846668B4-5753-4CC0-A871-EE26CCE9C2B7}
		{89E07CC3-62FA-4D0E-B542-950E0C4C0449} = {846668B4-5753-4CC0-A871-EE26CCE9C2B7}
		{507AC608-C3C2-44B1-87CE-13197EC4F576} = {1EBA1629-A7A2-410E-9EC7-CFB6B6840A6D}
		{C702656B-8CAA-4855-9EAC-8DF63E630BE2} = {1EBA1629-A7A2-410E-9EC7-CFB6B6840A6D}
		{E8E2D298-EA51-4CB5-87BD-CB943148AA83} = {1EBA1629-A7A2-410E-9EC7-CFB6B6840A6D}
		{042E8790-C94E-4585-9D96-FF883B16A0B1} = {1EBA1629-A7A2-410E-9EC7-CFB6B6840A6D}
		{A328140A-A14B-4375-A221-3F1A1D4B7F4F} = {6F3938C2-E881-424B-96C6-8130287FE0FF}
		{10C2ABE4-3A13-4828-87B3-5BD50EB919F6} = {6F3938C2-E881-424B-96C6-8130287FE0FF}
		{969F177E-874E-4683-AC29-5E8053635C77} = {6F3938C2-E881-424B-96C6-8130287FE0FF}
		{36C9A173-ABAC-4A56-B718-4A7F27D6F9B7} = {46EC6BF9-F5CE-450D-978D-E7CC450E93A5}
		{4C9F6246-266C-4102-AC84-731B44B97865} = {46EC6BF9-F5CE-450D-978D-E7CC450E93A5}
		{CCD4BDDE-6834-4A22-9DBE-672D4EAE83B7} = {4197F527-55E6-42E7-BDEA-DC67C1362789}
		{6E210DAD-1E8B-4DC5-84DE-DAB7DF0C53D3} = {1EBA1629-A7A2-410E-9EC7-CFB6B6840A6D}
	EndGlobalSection
	GlobalSection(ExtensibilityGlobals) = postSolution
		SolutionGuid = {C94FA78F-2D1F-4786-B145-78F8B2E93D1B}
	EndGlobalSection
EndGlobal
