
Microsoft Visual Studio Solution File, Format Version 12.00
# Visual Studio Version 17
VisualStudioVersion = 17.1.32407.343
MinimumVisualStudioVersion = 10.0.40219.1
Project("{FAE04EC0-301F-11D3-BF4B-00C04F79EFBC}") = "BookStore", "BookStore\BookStore.csproj", "{DABB6A58-FF6F-466B-90B9-98BDB461BB83}"
EndProject
Project("{FAE04EC0-301F-11D3-BF4B-00C04F79EFBC}") = "MainPage", "MainPage\MainPage.csproj", "{CCD4BDDE-6834-4A22-9DBE-672D4EAE83B7}"
EndProject
Project("{9A19103F-16F7-4668-BE54-9A1E7A4F7556}") = "MyBookListAdoNetDb", "MyEventsAdoNetDb\MyBookListAdoNetDb.csproj", "{A5C8D9C3-3918-4922-9D70-FDB0A1259067}"
EndProject
Project("{9A19103F-16F7-4668-BE54-9A1E7A4F7556}") = "MyBookListWebApi", "MyEventsWebApi\MyBookListWebApi.csproj", "{09E7EBFE-479A-42E4-80D0-A4B012A5B1D1}"
EndProject
Project("{9A19103F-16F7-4668-BE54-9A1E7A4F7556}") = "MyBookList.Console", "MyEvents.Console\MyBookList.Console.csproj", "{DC1E4166-D6FD-4803-BA66-551C7C87A076}"
EndProject
Project("{9A19103F-16F7-4668-BE54-9A1E7A4F7556}") = "MyBookListBLL", "MyBookListBLL\MyBookListBLL.csproj", "{36946FDA-45D8-4C55-92A8-54722F52D9D5}"
EndProject
Project("{9A19103F-16F7-4668-BE54-9A1E7A4F7556}") = "MyBookListEntityFrameworkDAL", "MyBookListEntityFrameforkDAL\MyBookListEntityFrameworkDAL.csproj", "{A189D5E3-FFCD-4DC9-852B-93BD2928085A}"
EndProject
Project("{2150E333-8FDC-42A3-9474-1A3956D46DE8}") = "AdoNet&Dapper", "AdoNet&Dapper", "{40B018CF-6713-4105-9361-8B70C1414343}"
EndProject
Project("{2150E333-8FDC-42A3-9474-1A3956D46DE8}") = "EntityFramework", "EntityFramework", "{6F3938C2-E881-424B-96C6-8130287FE0FF}"
EndProject
Project("{2150E333-8FDC-42A3-9474-1A3956D46DE8}") = "WPF", "WPF", "{4197F527-55E6-42E7-BDEA-DC67C1362789}"
EndProject
Project("{2150E333-8FDC-42A3-9474-1A3956D46DE8}") = "Auth", "Auth", "{46EC6BF9-F5CE-450D-978D-E7CC450E93A5}"
EndProject
Project("{9A19103F-16F7-4668-BE54-9A1E7A4F7556}") = "JWTAuthentication.WebApi", "JWTAuthentication.WebApi\JWTAuthentication.WebApi.csproj", "{3C73A825-CC33-4DB4-99BF-93053734D69E}"
EndProject
Project("{9A19103F-16F7-4668-BE54-9A1E7A4F7556}") = "BookStoresWebAPI", "BookStoresWebAPI\BookStoresWebAPI\BookStoresWebAPI.csproj", "{E15950BD-7A82-4B36-B5E4-2CC8C1835D2C}"
EndProject
Project("{2150E333-8FDC-42A3-9474-1A3956D46DE8}") = "Blazor", "Blazor", "{846668B4-5753-4CC0-A871-EE26CCE9C2B7}"
EndProject
Project("{9A19103F-16F7-4668-BE54-9A1E7A4F7556}") = "BlazorServerApp", "..\BlazorServerApp\BlazorServerApp\BlazorServerApp.csproj", "{D401A0E5-09B1-4DEB-B980-E1F8870A345F}"
EndProject
Project("{9A19103F-16F7-4668-BE54-9A1E7A4F7556}") = "CuriousDriveRazorLibrary", "..\BlazorServerApp\CuriousDriveRazorLibrary\CuriousDriveRazorLibrary\CuriousDriveRazorLibrary.csproj", "{6081D382-BD4F-47C9-97E0-574B29E1EA54}"
EndProject
Global
	GlobalSection(SolutionConfigurationPlatforms) = preSolution
		Debug|Any CPU = Debug|Any CPU
		Release|Any CPU = Release|Any CPU
	EndGlobalSection
	GlobalSection(ProjectConfigurationPlatforms) = postSolution
		{DABB6A58-FF6F-466B-90B9-98BDB461BB83}.Debug|Any CPU.ActiveCfg = Debug|Any CPU
		{DABB6A58-FF6F-466B-90B9-98BDB461BB83}.Debug|Any CPU.Build.0 = Debug|Any CPU
		{DABB6A58-FF6F-466B-90B9-98BDB461BB83}.Release|Any CPU.ActiveCfg = Release|Any CPU
		{DABB6A58-FF6F-466B-90B9-98BDB461BB83}.Release|Any CPU.Build.0 = Release|Any CPU
		{CCD4BDDE-6834-4A22-9DBE-672D4EAE83B7}.Debug|Any CPU.ActiveCfg = Debug|Any CPU
		{CCD4BDDE-6834-4A22-9DBE-672D4EAE83B7}.Debug|Any CPU.Build.0 = Debug|Any CPU
		{CCD4BDDE-6834-4A22-9DBE-672D4EAE83B7}.Release|Any CPU.ActiveCfg = Release|Any CPU
		{CCD4BDDE-6834-4A22-9DBE-672D4EAE83B7}.Release|Any CPU.Build.0 = Release|Any CPU
		{A5C8D9C3-3918-4922-9D70-FDB0A1259067}.Debug|Any CPU.ActiveCfg = Debug|Any CPU
		{A5C8D9C3-3918-4922-9D70-FDB0A1259067}.Debug|Any CPU.Build.0 = Debug|Any CPU
		{A5C8D9C3-3918-4922-9D70-FDB0A1259067}.Release|Any CPU.ActiveCfg = Release|Any CPU
		{A5C8D9C3-3918-4922-9D70-FDB0A1259067}.Release|Any CPU.Build.0 = Release|Any CPU
		{09E7EBFE-479A-42E4-80D0-A4B012A5B1D1}.Debug|Any CPU.ActiveCfg = Debug|Any CPU
		{09E7EBFE-479A-42E4-80D0-A4B012A5B1D1}.Debug|Any CPU.Build.0 = Debug|Any CPU
		{09E7EBFE-479A-42E4-80D0-A4B012A5B1D1}.Release|Any CPU.ActiveCfg = Release|Any CPU
		{09E7EBFE-479A-42E4-80D0-A4B012A5B1D1}.Release|Any CPU.Build.0 = Release|Any CPU
		{DC1E4166-D6FD-4803-BA66-551C7C87A076}.Debug|Any CPU.ActiveCfg = Debug|Any CPU
		{DC1E4166-D6FD-4803-BA66-551C7C87A076}.Debug|Any CPU.Build.0 = Debug|Any CPU
		{DC1E4166-D6FD-4803-BA66-551C7C87A076}.Release|Any CPU.ActiveCfg = Release|Any CPU
		{DC1E4166-D6FD-4803-BA66-551C7C87A076}.Release|Any CPU.Build.0 = Release|Any CPU
		{36946FDA-45D8-4C55-92A8-54722F52D9D5}.Debug|Any CPU.ActiveCfg = Debug|Any CPU
		{36946FDA-45D8-4C55-92A8-54722F52D9D5}.Debug|Any CPU.Build.0 = Debug|Any CPU
		{36946FDA-45D8-4C55-92A8-54722F52D9D5}.Release|Any CPU.ActiveCfg = Release|Any CPU
		{36946FDA-45D8-4C55-92A8-54722F52D9D5}.Release|Any CPU.Build.0 = Release|Any CPU
		{A189D5E3-FFCD-4DC9-852B-93BD2928085A}.Debug|Any CPU.ActiveCfg = Debug|Any CPU
		{A189D5E3-FFCD-4DC9-852B-93BD2928085A}.Debug|Any CPU.Build.0 = Debug|Any CPU
		{A189D5E3-FFCD-4DC9-852B-93BD2928085A}.Release|Any CPU.ActiveCfg = Release|Any CPU
		{A189D5E3-FFCD-4DC9-852B-93BD2928085A}.Release|Any CPU.Build.0 = Release|Any CPU
		{3C73A825-CC33-4DB4-99BF-93053734D69E}.Debug|Any CPU.ActiveCfg = Debug|Any CPU
		{3C73A825-CC33-4DB4-99BF-93053734D69E}.Debug|Any CPU.Build.0 = Debug|Any CPU
		{3C73A825-CC33-4DB4-99BF-93053734D69E}.Release|Any CPU.ActiveCfg = Release|Any CPU
		{3C73A825-CC33-4DB4-99BF-93053734D69E}.Release|Any CPU.Build.0 = Release|Any CPU
		{E15950BD-7A82-4B36-B5E4-2CC8C1835D2C}.Debug|Any CPU.ActiveCfg = Debug|Any CPU
		{E15950BD-7A82-4B36-B5E4-2CC8C1835D2C}.Debug|Any CPU.Build.0 = Debug|Any CPU
		{E15950BD-7A82-4B36-B5E4-2CC8C1835D2C}.Release|Any CPU.ActiveCfg = Release|Any CPU
		{E15950BD-7A82-4B36-B5E4-2CC8C1835D2C}.Release|Any CPU.Build.0 = Release|Any CPU
		{D401A0E5-09B1-4DEB-B980-E1F8870A345F}.Debug|Any CPU.ActiveCfg = Debug|Any CPU
		{D401A0E5-09B1-4DEB-B980-E1F8870A345F}.Debug|Any CPU.Build.0 = Debug|Any CPU
		{D401A0E5-09B1-4DEB-B980-E1F8870A345F}.Release|Any CPU.ActiveCfg = Release|Any CPU
		{D401A0E5-09B1-4DEB-B980-E1F8870A345F}.Release|Any CPU.Build.0 = Release|Any CPU
		{6081D382-BD4F-47C9-97E0-574B29E1EA54}.Debug|Any CPU.ActiveCfg = Debug|Any CPU
		{6081D382-BD4F-47C9-97E0-574B29E1EA54}.Debug|Any CPU.Build.0 = Debug|Any CPU
		{6081D382-BD4F-47C9-97E0-574B29E1EA54}.Release|Any CPU.ActiveCfg = Release|Any CPU
		{6081D382-BD4F-47C9-97E0-574B29E1EA54}.Release|Any CPU.Build.0 = Release|Any CPU
	EndGlobalSection
	GlobalSection(SolutionProperties) = preSolution
		HideSolutionNode = FALSE
	EndGlobalSection
	GlobalSection(NestedProjects) = preSolution
		{DABB6A58-FF6F-466B-90B9-98BDB461BB83} = {4197F527-55E6-42E7-BDEA-DC67C1362789}
		{CCD4BDDE-6834-4A22-9DBE-672D4EAE83B7} = {4197F527-55E6-42E7-BDEA-DC67C1362789}
		{A5C8D9C3-3918-4922-9D70-FDB0A1259067} = {40B018CF-6713-4105-9361-8B70C1414343}
		{09E7EBFE-479A-42E4-80D0-A4B012A5B1D1} = {40B018CF-6713-4105-9361-8B70C1414343}
		{DC1E4166-D6FD-4803-BA66-551C7C87A076} = {40B018CF-6713-4105-9361-8B70C1414343}
		{36946FDA-45D8-4C55-92A8-54722F52D9D5} = {40B018CF-6713-4105-9361-8B70C1414343}
		{A189D5E3-FFCD-4DC9-852B-93BD2928085A} = {6F3938C2-E881-424B-96C6-8130287FE0FF}
		{3C73A825-CC33-4DB4-99BF-93053734D69E} = {46EC6BF9-F5CE-450D-978D-E7CC450E93A5}
		{E15950BD-7A82-4B36-B5E4-2CC8C1835D2C} = {46EC6BF9-F5CE-450D-978D-E7CC450E93A5}
		{D401A0E5-09B1-4DEB-B980-E1F8870A345F} = {846668B4-5753-4CC0-A871-EE26CCE9C2B7}
		{6081D382-BD4F-47C9-97E0-574B29E1EA54} = {846668B4-5753-4CC0-A871-EE26CCE9C2B7}
	EndGlobalSection
	GlobalSection(ExtensibilityGlobals) = postSolution
		SolutionGuid = {C94FA78F-2D1F-4786-B145-78F8B2E93D1B}
	EndGlobalSection
EndGlobal
